{
  "requires": true,
  "lockfileVersion": 1,
  "dependencies": {
    "country-flags-svg": {
      "version": "1.1.1",
      "resolved": "https://registry.npmjs.org/country-flags-svg/-/country-flags-svg-1.1.1.tgz",
      "integrity": "sha512-XAjsp1nsG/5nuIPq/ncyoco2vcPg9XqP7Gj5UJ0RpP8jD7uRHqFNeOdh68+tbUT0Exq2P9cV92yXDoMdnvbcFw=="
    }
  }
}
